
Microsoft Visual Studio Solution File, Format Version 12.00
# Visual Studio 15
VisualStudioVersion = 15.0.26730.12
MinimumVisualStudioVersion = 10.0.40219.1
Project("{FAE04EC0-301F-11D3-BF4B-00C04F79EFBC}") = "DefuseBomb.Android", "DefuseBomb\DefuseBomb.Android\DefuseBomb.Android.csproj", "{256C5177-DFDB-416D-BC2F-459F4116C78B}"
EndProject
Project("{FAE04EC0-301F-11D3-BF4B-00C04F79EFBC}") = "DefuseBomb", "DefuseBomb\DefuseBomb\DefuseBomb.csproj", "{46E0FE89-FA13-412F-96E5-44BBB0C14788}"
EndProject
Project("{FAE04EC0-301F-11D3-BF4B-00C04F79EFBC}") = "DefuseBomb.UWP", "DefuseBomb\DefuseBomb.UWP\DefuseBomb.UWP.csproj", "{033876AC-98BD-4396-B460-6C137849E671}"
EndProject
Project("{FAE04EC0-301F-11D3-BF4B-00C04F79EFBC}") = "DefuseBomb.iOS", "DefuseBomb\DefuseBomb.iOS\DefuseBomb.iOS.csproj", "{2F93FF85-5568-4A3E-AEE5-E52A9A6BA56C}"
EndProject
Global
	GlobalSection(SolutionConfigurationPlatforms) = preSolution
		Ad-Hoc|Any CPU = Ad-Hoc|Any CPU
		Ad-Hoc|ARM = Ad-Hoc|ARM
		Ad-Hoc|iPhone = Ad-Hoc|iPhone
		Ad-Hoc|iPhoneSimulator = Ad-Hoc|iPhoneSimulator
		Ad-Hoc|x64 = Ad-Hoc|x64
		Ad-Hoc|x86 = Ad-Hoc|x86
		AppStore|Any CPU = AppStore|Any CPU
		AppStore|ARM = AppStore|ARM
		AppStore|iPhone = AppStore|iPhone
		AppStore|iPhoneSimulator = AppStore|iPhoneSimulator
		AppStore|x64 = AppStore|x64
		AppStore|x86 = AppStore|x86
		Debug|Any CPU = Debug|Any CPU
		Debug|ARM = Debug|ARM
		Debug|iPhone = Debug|iPhone
		Debug|iPhoneSimulator = Debug|iPhoneSimulator
		Debug|x64 = Debug|x64
		Debug|x86 = Debug|x86
		Release|Any CPU = Release|Any CPU
		Release|ARM = Release|ARM
		Release|iPhone = Release|iPhone
		Release|iPhoneSimulator = Release|iPhoneSimulator
		Release|x64 = Release|x64
		Release|x86 = Release|x86
	EndGlobalSection
	GlobalSection(ProjectConfigurationPlatforms) = postSolution
		{256C5177-DFDB-416D-BC2F-459F4116C78B}.Ad-Hoc|Any CPU.ActiveCfg = Release|Any CPU
		{256C5177-DFDB-416D-BC2F-459F4116C78B}.Ad-Hoc|Any CPU.Build.0 = Release|Any CPU
		{256C5177-DFDB-416D-BC2F-459F4116C78B}.Ad-Hoc|Any CPU.Deploy.0 = Release|Any CPU
		{256C5177-DFDB-416D-BC2F-459F4116C78B}.Ad-Hoc|ARM.ActiveCfg = Release|Any CPU
		{256C5177-DFDB-416D-BC2F-459F4116C78B}.Ad-Hoc|ARM.Build.0 = Release|Any CPU
		{256C5177-DFDB-416D-BC2F-459F4116C78B}.Ad-Hoc|ARM.Deploy.0 = Release|Any CPU
		{256C5177-DFDB-416D-BC2F-459F4116C78B}.Ad-Hoc|iPhone.ActiveCfg = Release|Any CPU
		{256C5177-DFDB-416D-BC2F-459F4116C78B}.Ad-Hoc|iPhone.Build.0 = Release|Any CPU
		{256C5177-DFDB-416D-BC2F-459F4116C78B}.Ad-Hoc|iPhone.Deploy.0 = Release|Any CPU
		{256C5177-DFDB-416D-BC2F-459F4116C78B}.Ad-Hoc|iPhoneSimulator.ActiveCfg = Release|Any CPU
		{256C5177-DFDB-416D-BC2F-459F4116C78B}.Ad-Hoc|iPhoneSimulator.Build.0 = Release|Any CPU
		{256C5177-DFDB-416D-BC2F-459F4116C78B}.Ad-Hoc|iPhoneSimulator.Deploy.0 = Release|Any CPU
		{256C5177-DFDB-416D-BC2F-459F4116C78B}.Ad-Hoc|x64.ActiveCfg = Release|Any CPU
		{256C5177-DFDB-416D-BC2F-459F4116C78B}.Ad-Hoc|x64.Build.0 = Release|Any CPU
		{256C5177-DFDB-416D-BC2F-459F4116C78B}.Ad-Hoc|x64.Deploy.0 = Release|Any CPU
		{256C5177-DFDB-416D-BC2F-459F4116C78B}.Ad-Hoc|x86.ActiveCfg = Release|Any CPU
		{256C5177-DFDB-416D-BC2F-459F4116C78B}.Ad-Hoc|x86.Build.0 = Release|Any CPU
		{256C5177-DFDB-416D-BC2F-459F4116C78B}.Ad-Hoc|x86.Deploy.0 = Release|Any CPU
		{256C5177-DFDB-416D-BC2F-459F4116C78B}.AppStore|Any CPU.ActiveCfg = Release|Any CPU
		{256C5177-DFDB-416D-BC2F-459F4116C78B}.AppStore|Any CPU.Build.0 = Release|Any CPU
		{256C5177-DFDB-416D-BC2F-459F4116C78B}.AppStore|Any CPU.Deploy.0 = Release|Any CPU
		{256C5177-DFDB-416D-BC2F-459F4116C78B}.AppStore|ARM.ActiveCfg = Release|Any CPU
		{256C5177-DFDB-416D-BC2F-459F4116C78B}.AppStore|ARM.Build.0 = Release|Any CPU
		{256C5177-DFDB-416D-BC2F-459F4116C78B}.AppStore|ARM.Deploy.0 = Release|Any CPU
		{256C5177-DFDB-416D-BC2F-459F4116C78B}.AppStore|iPhone.ActiveCfg = Release|Any CPU
		{256C5177-DFDB-416D-BC2F-459F4116C78B}.AppStore|iPhone.Build.0 = Release|Any CPU
		{256C5177-DFDB-416D-BC2F-459F4116C78B}.AppStore|iPhone.Deploy.0 = Release|Any CPU
		{256C5177-DFDB-416D-BC2F-459F4116C78B}.AppStore|iPhoneSimulator.ActiveCfg = Release|Any CPU
		{256C5177-DFDB-416D-BC2F-459F4116C78B}.AppStore|iPhoneSimulator.Build.0 = Release|Any CPU
		{256C5177-DFDB-416D-BC2F-459F4116C78B}.AppStore|iPhoneSimulator.Deploy.0 = Release|Any CPU
		{256C5177-DFDB-416D-BC2F-459F4116C78B}.AppStore|x64.ActiveCfg = Release|Any CPU
		{256C5177-DFDB-416D-BC2F-459F4116C78B}.AppStore|x64.Build.0 = Release|Any CPU
		{256C5177-DFDB-416D-BC2F-459F4116C78B}.AppStore|x64.Deploy.0 = Release|Any CPU
		{256C5177-DFDB-416D-BC2F-459F4116C78B}.AppStore|x86.ActiveCfg = Release|Any CPU
		{256C5177-DFDB-416D-BC2F-459F4116C78B}.AppStore|x86.Build.0 = Release|Any CPU
		{256C5177-DFDB-416D-BC2F-459F4116C78B}.AppStore|x86.Deploy.0 = Release|Any CPU
		{256C5177-DFDB-416D-BC2F-459F4116C78B}.Debug|Any CPU.ActiveCfg = Debug|Any CPU
		{256C5177-DFDB-416D-BC2F-459F4116C78B}.Debug|Any CPU.Build.0 = Debug|Any CPU
		{256C5177-DFDB-416D-BC2F-459F4116C78B}.Debug|Any CPU.Deploy.0 = Debug|Any CPU
		{256C5177-DFDB-416D-BC2F-459F4116C78B}.Debug|ARM.ActiveCfg = Debug|Any CPU
		{256C5177-DFDB-416D-BC2F-459F4116C78B}.Debug|ARM.Build.0 = Debug|Any CPU
		{256C5177-DFDB-416D-BC2F-459F4116C78B}.Debug|ARM.Deploy.0 = Debug|Any CPU
		{256C5177-DFDB-416D-BC2F-459F4116C78B}.Debug|iPhone.ActiveCfg = Debug|Any CPU
		{256C5177-DFDB-416D-BC2F-459F4116C78B}.Debug|iPhone.Build.0 = Debug|Any CPU
		{256C5177-DFDB-416D-BC2F-459F4116C78B}.Debug|iPhone.Deploy.0 = Debug|Any CPU
		{256C5177-DFDB-416D-BC2F-459F4116C78B}.Debug|iPhoneSimulator.ActiveCfg = Debug|Any CPU
		{256C5177-DFDB-416D-BC2F-459F4116C78B}.Debug|iPhoneSimulator.Build.0 = Debug|Any CPU
		{256C5177-DFDB-416D-BC2F-459F4116C78B}.Debug|iPhoneSimulator.Deploy.0 = Debug|Any CPU
		{256C5177-DFDB-416D-BC2F-459F4116C78B}.Debug|x64.ActiveCfg = Debug|Any CPU
		{256C5177-DFDB-416D-BC2F-459F4116C78B}.Debug|x64.Build.0 = Debug|Any CPU
		{256C5177-DFDB-416D-BC2F-459F4116C78B}.Debug|x64.Deploy.0 = Debug|Any CPU
		{256C5177-DFDB-416D-BC2F-459F4116C78B}.Debug|x86.ActiveCfg = Debug|Any CPU
		{256C5177-DFDB-416D-BC2F-459F4116C78B}.Debug|x86.Build.0 = Debug|Any CPU
		{256C5177-DFDB-416D-BC2F-459F4116C78B}.Debug|x86.Deploy.0 = Debug|Any CPU
		{256C5177-DFDB-416D-BC2F-459F4116C78B}.Release|Any CPU.ActiveCfg = Release|Any CPU
		{256C5177-DFDB-416D-BC2F-459F4116C78B}.Release|Any CPU.Build.0 = Release|Any CPU
		{256C5177-DFDB-416D-BC2F-459F4116C78B}.Release|Any CPU.Deploy.0 = Release|Any CPU
		{256C5177-DFDB-416D-BC2F-459F4116C78B}.Release|ARM.ActiveCfg = Release|Any CPU
		{256C5177-DFDB-416D-BC2F-459F4116C78B}.Release|ARM.Build.0 = Release|Any CPU
		{256C5177-DFDB-416D-BC2F-459F4116C78B}.Release|ARM.Deploy.0 = Release|Any CPU
		{256C5177-DFDB-416D-BC2F-459F4116C78B}.Release|iPhone.ActiveCfg = Release|Any CPU
		{256C5177-DFDB-416D-BC2F-459F4116C78B}.Release|iPhone.Build.0 = Release|Any CPU
		{256C5177-DFDB-416D-BC2F-459F4116C78B}.Release|iPhone.Deploy.0 = Release|Any CPU
		{256C5177-DFDB-416D-BC2F-459F4116C78B}.Release|iPhoneSimulator.ActiveCfg = Release|Any CPU
		{256C5177-DFDB-416D-BC2F-459F4116C78B}.Release|iPhoneSimulator.Build.0 = Release|Any CPU
		{256C5177-DFDB-416D-BC2F-459F4116C78B}.Release|iPhoneSimulator.Deploy.0 = Release|Any CPU
		{256C5177-DFDB-416D-BC2F-459F4116C78B}.Release|x64.ActiveCfg = Release|Any CPU
		{256C5177-DFDB-416D-BC2F-459F4116C78B}.Release|x64.Build.0 = Release|Any CPU
		{256C5177-DFDB-416D-BC2F-459F4116C78B}.Release|x64.Deploy.0 = Release|Any CPU
		{256C5177-DFDB-416D-BC2F-459F4116C78B}.Release|x86.ActiveCfg = Release|Any CPU
		{256C5177-DFDB-416D-BC2F-459F4116C78B}.Release|x86.Build.0 = Release|Any CPU
		{256C5177-DFDB-416D-BC2F-459F4116C78B}.Release|x86.Deploy.0 = Release|Any CPU
		{46E0FE89-FA13-412F-96E5-44BBB0C14788}.Ad-Hoc|Any CPU.ActiveCfg = Release|Any CPU
		{46E0FE89-FA13-412F-96E5-44BBB0C14788}.Ad-Hoc|Any CPU.Build.0 = Release|Any CPU
		{46E0FE89-FA13-412F-96E5-44BBB0C14788}.Ad-Hoc|ARM.ActiveCfg = Release|Any CPU
		{46E0FE89-FA13-412F-96E5-44BBB0C14788}.Ad-Hoc|ARM.Build.0 = Release|Any CPU
		{46E0FE89-FA13-412F-96E5-44BBB0C14788}.Ad-Hoc|iPhone.ActiveCfg = Release|Any CPU
		{46E0FE89-FA13-412F-96E5-44BBB0C14788}.Ad-Hoc|iPhone.Build.0 = Release|Any CPU
		{46E0FE89-FA13-412F-96E5-44BBB0C14788}.Ad-Hoc|iPhoneSimulator.ActiveCfg = Release|Any CPU
		{46E0FE89-FA13-412F-96E5-44BBB0C14788}.Ad-Hoc|iPhoneSimulator.Build.0 = Release|Any CPU
		{46E0FE89-FA13-412F-96E5-44BBB0C14788}.Ad-Hoc|x64.ActiveCfg = Release|Any CPU
		{46E0FE89-FA13-412F-96E5-44BBB0C14788}.Ad-Hoc|x64.Build.0 = Release|Any CPU
		{46E0FE89-FA13-412F-96E5-44BBB0C14788}.Ad-Hoc|x86.ActiveCfg = Release|Any CPU
		{46E0FE89-FA13-412F-96E5-44BBB0C14788}.Ad-Hoc|x86.Build.0 = Release|Any CPU
		{46E0FE89-FA13-412F-96E5-44BBB0C14788}.AppStore|Any CPU.ActiveCfg = Release|Any CPU
		{46E0FE89-FA13-412F-96E5-44BBB0C14788}.AppStore|Any CPU.Build.0 = Release|Any CPU
		{46E0FE89-FA13-412F-96E5-44BBB0C14788}.AppStore|ARM.ActiveCfg = Release|Any CPU
		{46E0FE89-FA13-412F-96E5-44BBB0C14788}.AppStore|ARM.Build.0 = Release|Any CPU
		{46E0FE89-FA13-412F-96E5-44BBB0C14788}.AppStore|iPhone.ActiveCfg = Release|Any CPU
		{46E0FE89-FA13-412F-96E5-44BBB0C14788}.AppStore|iPhone.Build.0 = Release|Any CPU
		{46E0FE89-FA13-412F-96E5-44BBB0C14788}.AppStore|iPhoneSimulator.ActiveCfg = Release|Any CPU
		{46E0FE89-FA13-412F-96E5-44BBB0C14788}.AppStore|iPhoneSimulator.Build.0 = Release|Any CPU
		{46E0FE89-FA13-412F-96E5-44BBB0C14788}.AppStore|x64.ActiveCfg = Release|Any CPU
		{46E0FE89-FA13-412F-96E5-44BBB0C14788}.AppStore|x64.Build.0 = Release|Any CPU
		{46E0FE89-FA13-412F-96E5-44BBB0C14788}.AppStore|x86.ActiveCfg = Release|Any CPU
		{46E0FE89-FA13-412F-96E5-44BBB0C14788}.AppStore|x86.Build.0 = Release|Any CPU
		{46E0FE89-FA13-412F-96E5-44BBB0C14788}.Debug|Any CPU.ActiveCfg = Debug|Any CPU
		{46E0FE89-FA13-412F-96E5-44BBB0C14788}.Debug|Any CPU.Build.0 = Debug|Any CPU
		{46E0FE89-FA13-412F-96E5-44BBB0C14788}.Debug|ARM.ActiveCfg = Debug|Any CPU
		{46E0FE89-FA13-412F-96E5-44BBB0C14788}.Debug|ARM.Build.0 = Debug|Any CPU
		{46E0FE89-FA13-412F-96E5-44BBB0C14788}.Debug|iPhone.ActiveCfg = Debug|Any CPU
		{46E0FE89-FA13-412F-96E5-44BBB0C14788}.Debug|iPhone.Build.0 = Debug|Any CPU
		{46E0FE89-FA13-412F-96E5-44BBB0C14788}.Debug|iPhoneSimulator.ActiveCfg = Debug|Any CPU
		{46E0FE89-FA13-412F-96E5-44BBB0C14788}.Debug|iPhoneSimulator.Build.0 = Debug|Any CPU
		{46E0FE89-FA13-412F-96E5-44BBB0C14788}.Debug|x64.ActiveCfg = Debug|Any CPU
		{46E0FE89-FA13-412F-96E5-44BBB0C14788}.Debug|x64.Build.0 = Debug|Any CPU
		{46E0FE89-FA13-412F-96E5-44BBB0C14788}.Debug|x86.ActiveCfg = Debug|Any CPU
		{46E0FE89-FA13-412F-96E5-44BBB0C14788}.Debug|x86.Build.0 = Debug|Any CPU
		{46E0FE89-FA13-412F-96E5-44BBB0C14788}.Release|Any CPU.ActiveCfg = Release|Any CPU
		{46E0FE89-FA13-412F-96E5-44BBB0C14788}.Release|Any CPU.Build.0 = Release|Any CPU
		{46E0FE89-FA13-412F-96E5-44BBB0C14788}.Release|ARM.ActiveCfg = Release|Any CPU
		{46E0FE89-FA13-412F-96E5-44BBB0C14788}.Release|ARM.Build.0 = Release|Any CPU
		{46E0FE89-FA13-412F-96E5-44BBB0C14788}.Release|iPhone.ActiveCfg = Release|Any CPU
		{46E0FE89-FA13-412F-96E5-44BBB0C14788}.Release|iPhone.Build.0 = Release|Any CPU
		{46E0FE89-FA13-412F-96E5-44BBB0C14788}.Release|iPhoneSimulator.ActiveCfg = Release|Any CPU
		{46E0FE89-FA13-412F-96E5-44BBB0C14788}.Release|iPhoneSimulator.Build.0 = Release|Any CPU
		{46E0FE89-FA13-412F-96E5-44BBB0C14788}.Release|x64.ActiveCfg = Release|Any CPU
		{46E0FE89-FA13-412F-96E5-44BBB0C14788}.Release|x64.Build.0 = Release|Any CPU
		{46E0FE89-FA13-412F-96E5-44BBB0C14788}.Release|x86.ActiveCfg = Release|Any CPU
		{46E0FE89-FA13-412F-96E5-44BBB0C14788}.Release|x86.Build.0 = Release|Any CPU
		{033876AC-98BD-4396-B460-6C137849E671}.Ad-Hoc|Any CPU.ActiveCfg = Release|x86
		{033876AC-98BD-4396-B460-6C137849E671}.Ad-Hoc|Any CPU.Build.0 = Release|x86
		{033876AC-98BD-4396-B460-6C137849E671}.Ad-Hoc|Any CPU.Deploy.0 = Release|x86
		{033876AC-98BD-4396-B460-6C137849E671}.Ad-Hoc|ARM.ActiveCfg = Release|ARM
		{033876AC-98BD-4396-B460-6C137849E671}.Ad-Hoc|ARM.Build.0 = Release|ARM
		{033876AC-98BD-4396-B460-6C137849E671}.Ad-Hoc|ARM.Deploy.0 = Release|ARM
		{033876AC-98BD-4396-B460-6C137849E671}.Ad-Hoc|iPhone.ActiveCfg = Release|x86
		{033876AC-98BD-4396-B460-6C137849E671}.Ad-Hoc|iPhone.Build.0 = Release|x86
		{033876AC-98BD-4396-B460-6C137849E671}.Ad-Hoc|iPhone.Deploy.0 = Release|x86
		{033876AC-98BD-4396-B460-6C137849E671}.Ad-Hoc|iPhoneSimulator.ActiveCfg = Release|x86
		{033876AC-98BD-4396-B460-6C137849E671}.Ad-Hoc|iPhoneSimulator.Build.0 = Release|x86
		{033876AC-98BD-4396-B460-6C137849E671}.Ad-Hoc|iPhoneSimulator.Deploy.0 = Release|x86
		{033876AC-98BD-4396-B460-6C137849E671}.Ad-Hoc|x64.ActiveCfg = Release|x64
		{033876AC-98BD-4396-B460-6C137849E671}.Ad-Hoc|x64.Build.0 = Release|x64
		{033876AC-98BD-4396-B460-6C137849E671}.Ad-Hoc|x64.Deploy.0 = Release|x64
		{033876AC-98BD-4396-B460-6C137849E671}.Ad-Hoc|x86.ActiveCfg = Release|x86
		{033876AC-98BD-4396-B460-6C137849E671}.Ad-Hoc|x86.Build.0 = Release|x86
		{033876AC-98BD-4396-B460-6C137849E671}.Ad-Hoc|x86.Deploy.0 = Release|x86
		{033876AC-98BD-4396-B460-6C137849E671}.AppStore|Any CPU.ActiveCfg = Release|x86
		{033876AC-98BD-4396-B460-6C137849E671}.AppStore|Any CPU.Build.0 = Release|x86
		{033876AC-98BD-4396-B460-6C137849E671}.AppStore|Any CPU.Deploy.0 = Release|x86
		{033876AC-98BD-4396-B460-6C137849E671}.AppStore|ARM.ActiveCfg = Release|ARM
		{033876AC-98BD-4396-B460-6C137849E671}.AppStore|ARM.Build.0 = Release|ARM
		{033876AC-98BD-4396-B460-6C137849E671}.AppStore|ARM.Deploy.0 = Release|ARM
		{033876AC-98BD-4396-B460-6C137849E671}.AppStore|iPhone.ActiveCfg = Release|x86
		{033876AC-98BD-4396-B460-6C137849E671}.AppStore|iPhone.Build.0 = Release|x86
		{033876AC-98BD-4396-B460-6C137849E671}.AppStore|iPhone.Deploy.0 = Release|x86
		{033876AC-98BD-4396-B460-6C137849E671}.AppStore|iPhoneSimulator.ActiveCfg = Release|x86
		{033876AC-98BD-4396-B460-6C137849E671}.AppStore|iPhoneSimulator.Build.0 = Release|x86
		{033876AC-98BD-4396-B460-6C137849E671}.AppStore|iPhoneSimulator.Deploy.0 = Release|x86
		{033876AC-98BD-4396-B460-6C137849E671}.AppStore|x64.ActiveCfg = Release|x64
		{033876AC-98BD-4396-B460-6C137849E671}.AppStore|x64.Build.0 = Release|x64
		{033876AC-98BD-4396-B460-6C137849E671}.AppStore|x64.Deploy.0 = Release|x64
		{033876AC-98BD-4396-B460-6C137849E671}.AppStore|x86.ActiveCfg = Release|x86
		{033876AC-98BD-4396-B460-6C137849E671}.AppStore|x86.Build.0 = Release|x86
		{033876AC-98BD-4396-B460-6C137849E671}.AppStore|x86.Deploy.0 = Release|x86
		{033876AC-98BD-4396-B460-6C137849E671}.Debug|Any CPU.ActiveCfg = Debug|x86
		{033876AC-98BD-4396-B460-6C137849E671}.Debug|ARM.ActiveCfg = Debug|ARM
		{033876AC-98BD-4396-B460-6C137849E671}.Debug|ARM.Build.0 = Debug|ARM
		{033876AC-98BD-4396-B460-6C137849E671}.Debug|ARM.Deploy.0 = Debug|ARM
		{033876AC-98BD-4396-B460-6C137849E671}.Debug|iPhone.ActiveCfg = Debug|x86
		{033876AC-98BD-4396-B460-6C137849E671}.Debug|iPhoneSimulator.ActiveCfg = Debug|x86
		{033876AC-98BD-4396-B460-6C137849E671}.Debug|x64.ActiveCfg = Debug|x64
		{033876AC-98BD-4396-B460-6C137849E671}.Debug|x64.Build.0 = Debug|x64
		{033876AC-98BD-4396-B460-6C137849E671}.Debug|x64.Deploy.0 = Debug|x64
		{033876AC-98BD-4396-B460-6C137849E671}.Debug|x86.ActiveCfg = Debug|x86
		{033876AC-98BD-4396-B460-6C137849E671}.Debug|x86.Build.0 = Debug|x86
		{033876AC-98BD-4396-B460-6C137849E671}.Debug|x86.Deploy.0 = Debug|x86
		{033876AC-98BD-4396-B460-6C137849E671}.Release|Any CPU.ActiveCfg = Release|x86
		{033876AC-98BD-4396-B460-6C137849E671}.Release|ARM.ActiveCfg = Release|ARM
		{033876AC-98BD-4396-B460-6C137849E671}.Release|ARM.Build.0 = Release|ARM
		{033876AC-98BD-4396-B460-6C137849E671}.Release|ARM.Deploy.0 = Release|ARM
		{033876AC-98BD-4396-B460-6C137849E671}.Release|iPhone.ActiveCfg = Release|x86
		{033876AC-98BD-4396-B460-6C137849E671}.Release|iPhoneSimulator.ActiveCfg = Release|x86
		{033876AC-98BD-4396-B460-6C137849E671}.Release|x64.ActiveCfg = Release|x64
		{033876AC-98BD-4396-B460-6C137849E671}.Release|x64.Build.0 = Release|x64
		{033876AC-98BD-4396-B460-6C137849E671}.Release|x64.Deploy.0 = Release|x64
		{033876AC-98BD-4396-B460-6C137849E671}.Release|x86.ActiveCfg = Release|x86
		{033876AC-98BD-4396-B460-6C137849E671}.Release|x86.Build.0 = Release|x86
		{033876AC-98BD-4396-B460-6C137849E671}.Release|x86.Deploy.0 = Release|x86
		{2F93FF85-5568-4A3E-AEE5-E52A9A6BA56C}.Ad-Hoc|Any CPU.ActiveCfg = Ad-Hoc|iPhone
		{2F93FF85-5568-4A3E-AEE5-E52A9A6BA56C}.Ad-Hoc|ARM.ActiveCfg = Ad-Hoc|iPhone
		{2F93FF85-5568-4A3E-AEE5-E52A9A6BA56C}.Ad-Hoc|iPhone.ActiveCfg = Ad-Hoc|iPhone
		{2F93FF85-5568-4A3E-AEE5-E52A9A6BA56C}.Ad-Hoc|iPhone.Build.0 = Ad-Hoc|iPhone
		{2F93FF85-5568-4A3E-AEE5-E52A9A6BA56C}.Ad-Hoc|iPhoneSimulator.ActiveCfg = Ad-Hoc|iPhoneSimulator
		{2F93FF85-5568-4A3E-AEE5-E52A9A6BA56C}.Ad-Hoc|iPhoneSimulator.Build.0 = Ad-Hoc|iPhoneSimulator
		{2F93FF85-5568-4A3E-AEE5-E52A9A6BA56C}.Ad-Hoc|x64.ActiveCfg = Ad-Hoc|iPhone
		{2F93FF85-5568-4A3E-AEE5-E52A9A6BA56C}.Ad-Hoc|x86.ActiveCfg = Ad-Hoc|iPhone
		{2F93FF85-5568-4A3E-AEE5-E52A9A6BA56C}.AppStore|Any CPU.ActiveCfg = AppStore|iPhone
		{2F93FF85-5568-4A3E-AEE5-E52A9A6BA56C}.AppStore|ARM.ActiveCfg = AppStore|iPhone
		{2F93FF85-5568-4A3E-AEE5-E52A9A6BA56C}.AppStore|iPhone.ActiveCfg = AppStore|iPhone
		{2F93FF85-5568-4A3E-AEE5-E52A9A6BA56C}.AppStore|iPhone.Build.0 = AppStore|iPhone
		{2F93FF85-5568-4A3E-AEE5-E52A9A6BA56C}.AppStore|iPhoneSimulator.ActiveCfg = AppStore|iPhoneSimulator
		{2F93FF85-5568-4A3E-AEE5-E52A9A6BA56C}.AppStore|iPhoneSimulator.Build.0 = AppStore|iPhoneSimulator
		{2F93FF85-5568-4A3E-AEE5-E52A9A6BA56C}.AppStore|x64.ActiveCfg = AppStore|iPhone
		{2F93FF85-5568-4A3E-AEE5-E52A9A6BA56C}.AppStore|x86.ActiveCfg = AppStore|iPhone
		{2F93FF85-5568-4A3E-AEE5-E52A9A6BA56C}.Debug|Any CPU.ActiveCfg = Debug|iPhone
		{2F93FF85-5568-4A3E-AEE5-E52A9A6BA56C}.Debug|ARM.ActiveCfg = Debug|iPhone
		{2F93FF85-5568-4A3E-AEE5-E52A9A6BA56C}.Debug|iPhone.ActiveCfg = Debug|iPhone
		{2F93FF85-5568-4A3E-AEE5-E52A9A6BA56C}.Debug|iPhone.Build.0 = Debug|iPhone
		{2F93FF85-5568-4A3E-AEE5-E52A9A6BA56C}.Debug|iPhoneSimulator.ActiveCfg = Debug|iPhoneSimulator
		{2F93FF85-5568-4A3E-AEE5-E52A9A6BA56C}.Debug|iPhoneSimulator.Build.0 = Debug|iPhoneSimulator
		{2F93FF85-5568-4A3E-AEE5-E52A9A6BA56C}.Debug|x64.ActiveCfg = Debug|iPhone
		{2F93FF85-5568-4A3E-AEE5-E52A9A6BA56C}.Debug|x86.ActiveCfg = Debug|iPhone
		{2F93FF85-5568-4A3E-AEE5-E52A9A6BA56C}.Release|Any CPU.ActiveCfg = Release|iPhone
		{2F93FF85-5568-4A3E-AEE5-E52A9A6BA56C}.Release|ARM.ActiveCfg = Release|iPhone
		{2F93FF85-5568-4A3E-AEE5-E52A9A6BA56C}.Release|iPhone.ActiveCfg = Release|iPhone
		{2F93FF85-5568-4A3E-AEE5-E52A9A6BA56C}.Release|iPhone.Build.0 = Release|iPhone
		{2F93FF85-5568-4A3E-AEE5-E52A9A6BA56C}.Release|iPhoneSimulator.ActiveCfg = Release|iPhoneSimulator
		{2F93FF85-5568-4A3E-AEE5-E52A9A6BA56C}.Release|iPhoneSimulator.Build.0 = Release|iPhoneSimulator
		{2F93FF85-5568-4A3E-AEE5-E52A9A6BA56C}.Release|x64.ActiveCfg = Release|iPhone
		{2F93FF85-5568-4A3E-AEE5-E52A9A6BA56C}.Release|x86.ActiveCfg = Release|iPhone
	EndGlobalSection
	GlobalSection(SolutionProperties) = preSolution
		HideSolutionNode = FALSE
	EndGlobalSection
	GlobalSection(ExtensibilityGlobals) = postSolution
		SolutionGuid = {4B9689C7-5BC5-42A7-99BB-930C47447B6D}
	EndGlobalSection
EndGlobal
